
Microsoft Visual Studio Solution File, Format Version 12.00
# Visual Studio Version 17
VisualStudioVersion = 17.14.36616.10 d17.14
MinimumVisualStudioVersion = 10.0.40219.1
Project("{FAE04EC0-301F-11D3-BF4B-00C04F79EFBC}") = "DbOperationsWithEfCoreApp", "DbOperationsWithEfCoreApp\DbOperationsWithEfCoreApp.csproj", "{D339FCE8-FB50-4374-88A3-4762160EE929}"
EndProject
Global
	GlobalSection(SolutionConfigurationPlatforms) = preSolution
		Debug|Any CPU = Debug|Any CPU
		Release|Any CPU = Release|Any CPU
	EndGlobalSection
	GlobalSection(ProjectConfigurationPlatforms) = postSolution
		{D339FCE8-FB50-4374-88A3-4762160EE929}.Debug|Any CPU.ActiveCfg = Debug|Any CPU
		{D339FCE8-FB50-4374-88A3-4762160EE929}.Debug|Any CPU.Build.0 = Debug|Any CPU
		{D339FCE8-FB50-4374-88A3-4762160EE929}.Release|Any CPU.ActiveCfg = Release|Any CPU
		{D339FCE8-FB50-4374-88A3-4762160EE929}.Release|Any CPU.Build.0 = Release|Any CPU
	EndGlobalSection
	GlobalSection(SolutionProperties) = preSolution
		HideSolutionNode = FALSE
	EndGlobalSection
	GlobalSection(ExtensibilityGlobals) = postSolution
		SolutionGuid = {116B447C-9B6D-457F-9F5C-85002FA9F897}
	EndGlobalSection
EndGlobal
